
Microsoft Visual Studio Solution File, Format Version 12.00
# Visual Studio 15
VisualStudioVersion = 15.0.28307.136
MinimumVisualStudioVersion = 10.0.40219.1
Project("{FAE04EC0-301F-11D3-BF4B-00C04F79EFBC}") = "WpfApp8", "WpfApp8\WpfApp8.csproj", "{0595D0ED-D709-42EB-830E-CEEC4E814032}"
EndProject
Global
	GlobalSection(SolutionConfigurationPlatforms) = preSolution
		Debug|Any CPU = Debug|Any CPU
		Release|Any CPU = Release|Any CPU
	EndGlobalSection
	GlobalSection(ProjectConfigurationPlatforms) = postSolution
		{0595D0ED-D709-42EB-830E-CEEC4E814032}.Debug|Any CPU.ActiveCfg = Debug|Any CPU
		{0595D0ED-D709-42EB-830E-CEEC4E814032}.Debug|Any CPU.Build.0 = Debug|Any CPU
		{0595D0ED-D709-42EB-830E-CEEC4E814032}.Release|Any CPU.ActiveCfg = Release|Any CPU
		{0595D0ED-D709-42EB-830E-CEEC4E814032}.Release|Any CPU.Build.0 = Release|Any CPU
	EndGlobalSection
	GlobalSection(SolutionProperties) = preSolution
		HideSolutionNode = FALSE
	EndGlobalSection
	GlobalSection(ExtensibilityGlobals) = postSolution
		SolutionGuid = {C4F77A07-45AE-4511-898F-A63263A3AEF7}
	EndGlobalSection
EndGlobal
